
Microsoft Visual Studio Solution File, Format Version 12.00
# Visual Studio Version 16
VisualStudioVersion = 16.0.29215.179
MinimumVisualStudioVersion = 10.0.40219.1
Project("{FAE04EC0-301F-11D3-BF4B-00C04F79EFBC}") = "CLDBToCSV", "CLDBToDBlite\CLDBToCSV.csproj", "{F37A3774-8D43-4D44-8582-387B35A20CFC}"
EndProject
Project("{9A19103F-16F7-4668-BE54-9A1E7A4F7556}") = "WriteCSVToDB_Core", "WriteCSVToDB_Core\WriteCSVToDB_Core.csproj", "{586CBEF9-3D6D-4FF2-80D5-DB2FD46B13A5}"
EndProject
Global
	GlobalSection(SolutionConfigurationPlatforms) = preSolution
		Debug|Any CPU = Debug|Any CPU
		Release|Any CPU = Release|Any CPU
	EndGlobalSection
	GlobalSection(ProjectConfigurationPlatforms) = postSolution
		{F37A3774-8D43-4D44-8582-387B35A20CFC}.Debug|Any CPU.ActiveCfg = Debug|Any CPU
		{F37A3774-8D43-4D44-8582-387B35A20CFC}.Debug|Any CPU.Build.0 = Debug|Any CPU
		{F37A3774-8D43-4D44-8582-387B35A20CFC}.Release|Any CPU.ActiveCfg = Release|Any CPU
		{F37A3774-8D43-4D44-8582-387B35A20CFC}.Release|Any CPU.Build.0 = Release|Any CPU
		{586CBEF9-3D6D-4FF2-80D5-DB2FD46B13A5}.Debug|Any CPU.ActiveCfg = Debug|Any CPU
		{586CBEF9-3D6D-4FF2-80D5-DB2FD46B13A5}.Debug|Any CPU.Build.0 = Debug|Any CPU
		{586CBEF9-3D6D-4FF2-80D5-DB2FD46B13A5}.Release|Any CPU.ActiveCfg = Release|Any CPU
		{586CBEF9-3D6D-4FF2-80D5-DB2FD46B13A5}.Release|Any CPU.Build.0 = Release|Any CPU
	EndGlobalSection
	GlobalSection(SolutionProperties) = preSolution
		HideSolutionNode = FALSE
	EndGlobalSection
	GlobalSection(ExtensibilityGlobals) = postSolution
		SolutionGuid = {BF32C9C6-C49F-4AF7-9CF3-DA5F1EB70186}
	EndGlobalSection
EndGlobal
